
Microsoft Visual Studio Solution File, Format Version 12.00
# Visual Studio 15
VisualStudioVersion = 15.0.28307.1267
MinimumVisualStudioVersion = 10.0.40219.1
Project("{FAE04EC0-301F-11D3-BF4B-00C04F79EFBC}") = "RedSpiceBot", "RedSpiceBot\RedSpiceBot.csproj", "{68E0B0A8-6208-4AA6-94F4-E689F79724A7}"
EndProject
Global
	GlobalSection(SolutionConfigurationPlatforms) = preSolution
		Debug|Any CPU = Debug|Any CPU
		Release|Any CPU = Release|Any CPU
	EndGlobalSection
	GlobalSection(ProjectConfigurationPlatforms) = postSolution
		{68E0B0A8-6208-4AA6-94F4-E689F79724A7}.Debug|Any CPU.ActiveCfg = Debug|Any CPU
		{68E0B0A8-6208-4AA6-94F4-E689F79724A7}.Debug|Any CPU.Build.0 = Debug|Any CPU
		{68E0B0A8-6208-4AA6-94F4-E689F79724A7}.Release|Any CPU.ActiveCfg = Release|Any CPU
		{68E0B0A8-6208-4AA6-94F4-E689F79724A7}.Release|Any CPU.Build.0 = Release|Any CPU
	EndGlobalSection
	GlobalSection(SolutionProperties) = preSolution
		HideSolutionNode = FALSE
	EndGlobalSection
	GlobalSection(ExtensibilityGlobals) = postSolution
		SolutionGuid = {B7B90D8C-5768-447B-8D57-DAAB2C70EFF6}
	EndGlobalSection
EndGlobal
